
Microsoft Visual Studio Solution File, Format Version 12.00
# Visual Studio Version 16
VisualStudioVersion = 16.0.30907.101
MinimumVisualStudioVersion = 10.0.40219.1
Project("{FAE04EC0-301F-11D3-BF4B-00C04F79EFBC}") = "Geometric.Grid.Api", "Geometric.Grid.Api\Geometric.Grid.Api.csproj", "{78BD2FCA-2113-4148-9FA0-1CBE48E4245F}"
EndProject
Global
	GlobalSection(SolutionConfigurationPlatforms) = preSolution
		Debug|Any CPU = Debug|Any CPU
		Release|Any CPU = Release|Any CPU
	EndGlobalSection
	GlobalSection(ProjectConfigurationPlatforms) = postSolution
		{78BD2FCA-2113-4148-9FA0-1CBE48E4245F}.Debug|Any CPU.ActiveCfg = Debug|Any CPU
		{78BD2FCA-2113-4148-9FA0-1CBE48E4245F}.Debug|Any CPU.Build.0 = Debug|Any CPU
		{78BD2FCA-2113-4148-9FA0-1CBE48E4245F}.Release|Any CPU.ActiveCfg = Release|Any CPU
		{78BD2FCA-2113-4148-9FA0-1CBE48E4245F}.Release|Any CPU.Build.0 = Release|Any CPU
	EndGlobalSection
	GlobalSection(SolutionProperties) = preSolution
		HideSolutionNode = FALSE
	EndGlobalSection
	GlobalSection(ExtensibilityGlobals) = postSolution
		SolutionGuid = {F5C7CB12-B611-48C2-8125-48FEEF691202}
	EndGlobalSection
EndGlobal
