
Microsoft Visual Studio Solution File, Format Version 12.00
# Visual Studio Version 16
VisualStudioVersion = 16.0.30907.101
MinimumVisualStudioVersion = 10.0.40219.1
Project("{9A19103F-16F7-4668-BE54-9A1E7A4F7556}") = "Geometric.Grid.Api", "Geometric.Grid.Api\Geometric.Grid.Api.csproj", "{78BD2FCA-2113-4148-9FA0-1CBE48E4245F}"
EndProject
Project("{9A19103F-16F7-4668-BE54-9A1E7A4F7556}") = "Geometric.Grid.Processor", "Geometric.Grid.Processor\Geometric.Grid.Processor.csproj", "{BB3F57A7-2000-48F7-9819-5D1715AA61DA}"
EndProject
Project("{9A19103F-16F7-4668-BE54-9A1E7A4F7556}") = "Geometric.Grid.Processor.Test", "Geometric.Grid.Processor.Test\Geometric.Grid.Processor.Test.csproj", "{CA1A797A-ADE5-464F-A94C-010431FC2409}"
EndProject
Project("{2150E333-8FDC-42A3-9474-1A3956D46DE8}") = "Postman", "Postman", "{7795C15E-546B-4588-BF89-6F5F264B0BCE}"
	ProjectSection(SolutionItems) = preProject
		Postman\Geometric Grid API Exercise.postman_collection.json = Postman\Geometric Grid API Exercise.postman_collection.json
		Postman\GridTestEnvironment.postman_environment.json = Postman\GridTestEnvironment.postman_environment.json
	EndProjectSection
EndProject
Global
	GlobalSection(SolutionConfigurationPlatforms) = preSolution
		Debug|Any CPU = Debug|Any CPU
		Release|Any CPU = Release|Any CPU
	EndGlobalSection
	GlobalSection(ProjectConfigurationPlatforms) = postSolution
		{78BD2FCA-2113-4148-9FA0-1CBE48E4245F}.Debug|Any CPU.ActiveCfg = Debug|Any CPU
		{78BD2FCA-2113-4148-9FA0-1CBE48E4245F}.Debug|Any CPU.Build.0 = Debug|Any CPU
		{78BD2FCA-2113-4148-9FA0-1CBE48E4245F}.Release|Any CPU.ActiveCfg = Release|Any CPU
		{78BD2FCA-2113-4148-9FA0-1CBE48E4245F}.Release|Any CPU.Build.0 = Release|Any CPU
		{BB3F57A7-2000-48F7-9819-5D1715AA61DA}.Debug|Any CPU.ActiveCfg = Debug|Any CPU
		{BB3F57A7-2000-48F7-9819-5D1715AA61DA}.Debug|Any CPU.Build.0 = Debug|Any CPU
		{BB3F57A7-2000-48F7-9819-5D1715AA61DA}.Release|Any CPU.ActiveCfg = Release|Any CPU
		{BB3F57A7-2000-48F7-9819-5D1715AA61DA}.Release|Any CPU.Build.0 = Release|Any CPU
		{CA1A797A-ADE5-464F-A94C-010431FC2409}.Debug|Any CPU.ActiveCfg = Debug|Any CPU
		{CA1A797A-ADE5-464F-A94C-010431FC2409}.Debug|Any CPU.Build.0 = Debug|Any CPU
		{CA1A797A-ADE5-464F-A94C-010431FC2409}.Release|Any CPU.ActiveCfg = Release|Any CPU
		{CA1A797A-ADE5-464F-A94C-010431FC2409}.Release|Any CPU.Build.0 = Release|Any CPU
	EndGlobalSection
	GlobalSection(SolutionProperties) = preSolution
		HideSolutionNode = FALSE
	EndGlobalSection
	GlobalSection(ExtensibilityGlobals) = postSolution
		SolutionGuid = {F5C7CB12-B611-48C2-8125-48FEEF691202}
	EndGlobalSection
EndGlobal
